
Microsoft Visual Studio Solution File, Format Version 12.00
# Visual Studio Version 17
VisualStudioVersion = 17.11.35431.28
MinimumVisualStudioVersion = 10.0.40219.1
Project("{FAE04EC0-301F-11D3-BF4B-00C04F79EFBC}") = "Calculator 2", "Calculator 2\Calculator 2.csproj", "{98A30C8F-0036-4853-9D5D-4CA05F1000A5}"
EndProject
Global
	GlobalSection(SolutionConfigurationPlatforms) = preSolution
		Debug|Any CPU = Debug|Any CPU
		Release|Any CPU = Release|Any CPU
	EndGlobalSection
	GlobalSection(ProjectConfigurationPlatforms) = postSolution
		{98A30C8F-0036-4853-9D5D-4CA05F1000A5}.Debug|Any CPU.ActiveCfg = Debug|Any CPU
		{98A30C8F-0036-4853-9D5D-4CA05F1000A5}.Debug|Any CPU.Build.0 = Debug|Any CPU
		{98A30C8F-0036-4853-9D5D-4CA05F1000A5}.Release|Any CPU.ActiveCfg = Release|Any CPU
		{98A30C8F-0036-4853-9D5D-4CA05F1000A5}.Release|Any CPU.Build.0 = Release|Any CPU
	EndGlobalSection
	GlobalSection(SolutionProperties) = preSolution
		HideSolutionNode = FALSE
	EndGlobalSection
	GlobalSection(ExtensibilityGlobals) = postSolution
		SolutionGuid = {97EF28EE-8D45-4EAF-9C63-12DAA6AB9236}
	EndGlobalSection
EndGlobal
